{
    "_readme": [
        "This file locks the dependencies of your project to a known state",
        "Read more about it at https://getcomposer.org/doc/01-basic-usage.md#installing-dependencies",
        "This file is @generated automatically"
    ],
    "content-hash": "e2e2531f184b3b4adc246cf4cdb4097d",
    "packages": [
        {
            "name": "fawno/php-serial",
            "version": "0.1.0",
            "source": {
                "type": "git",
                "url": "https://github.com/fawno/PHP-Serial.git",
                "reference": "d2bb63afa91ab6489b04e92197a047e99bfda166"
            },
            "dist": {
                "type": "zip",
                "url": "https://api.github.com/repos/fawno/PHP-Serial/zipball/d2bb63afa91ab6489b04e92197a047e99bfda166",
                "reference": "d2bb63afa91ab6489b04e92197a047e99bfda166",
                "shasum": ""
            },
            "require": {
                "php": ">=7.4.0"
            },
            "suggest": {
                "ext-dio": "Needed for SerialDio (>=0.0.2)"
            },
            "type": "library",
            "autoload": {
                "psr-4": {
                    "Fawno\\PhpSerial\\": "src/"
                }
            },
            "notification-url": "https://packagist.org/downloads/",
            "license": [
                "MIT"
            ],
            "authors": [
                {
                    "name": "Fawno",
                    "homepage": "https://github.com/fawno/PHP-Serial/graphs/contributors"
                }
            ],
            "description": "Serial port access convenience class",
            "support": {
                "issues": "https://github.com/fawno/PHP-Serial/issues",
                "source": "https://github.com/fawno/PHP-Serial"
            },
            "time": "2021-10-11T17:07:28+00:00"
        }
    ],
    "packages-dev": [],
    "aliases": [],
    "minimum-stability": "stable",
    "stability-flags": [],
    "prefer-stable": false,
    "prefer-lowest": false,
    "platform": {
        "php": ">=7.4.0",
        "ext-dio": ">=0.2.0"
    },
    "platform-dev": [],
    "plugin-api-version": "2.1.0"
}
